
Microsoft Visual Studio Solution File, Format Version 12.00
# Visual Studio Version 17
VisualStudioVersion = 17.7.34031.279
MinimumVisualStudioVersion = 10.0.40219.1
Project("{8BC9CEB8-8B4A-11D0-8D11-00A0C91BC942}") = "ANUnityLib", "ANUnityLib\ANUnityLib.vcxproj", "{5CE9F4F8-4765-4633-A20A-2097E8736FEA}"
EndProject
Global
	GlobalSection(SolutionConfigurationPlatforms) = preSolution
		Debug|x64 = Debug|x64
		Debug|x86 = Debug|x86
		Release|x64 = Release|x64
		Release|x86 = Release|x86
	EndGlobalSection
	GlobalSection(ProjectConfigurationPlatforms) = postSolution
		{5CE9F4F8-4765-4633-A20A-2097E8736FEA}.Debug|x64.ActiveCfg = Debug|x64
		{5CE9F4F8-4765-4633-A20A-2097E8736FEA}.Debug|x64.Build.0 = Debug|x64
		{5CE9F4F8-4765-4633-A20A-2097E8736FEA}.Debug|x86.ActiveCfg = Debug|Win32
		{5CE9F4F8-4765-4633-A20A-2097E8736FEA}.Debug|x86.Build.0 = Debug|Win32
		{5CE9F4F8-4765-4633-A20A-2097E8736FEA}.Release|x64.ActiveCfg = Release|x64
		{5CE9F4F8-4765-4633-A20A-2097E8736FEA}.Release|x64.Build.0 = Release|x64
		{5CE9F4F8-4765-4633-A20A-2097E8736FEA}.Release|x86.ActiveCfg = Release|Win32
		{5CE9F4F8-4765-4633-A20A-2097E8736FEA}.Release|x86.Build.0 = Release|Win32
	EndGlobalSection
	GlobalSection(SolutionProperties) = preSolution
		HideSolutionNode = FALSE
	EndGlobalSection
	GlobalSection(ExtensibilityGlobals) = postSolution
		SolutionGuid = {27BE5993-4BF3-41DC-9553-BC8C59F4EE7A}
	EndGlobalSection
EndGlobal
